// !$*UTF8*$!
{
	archiveVersion = 1;
	classes = {
	};
	objectVersion = 50;
	objects = {

/* Begin PBXBuildFile section */
		720D63EBEEF7FDFA99238F56 /* Pods_ToDoListTests.framework in Frameworks */ = {isa = PBXBuildFile; fileRef = 34A9AA90A89DC10C24E7FCFA /* Pods_ToDoListTests.framework */; };
		AB94FFAB7BC11B1F155F29F6 /* Pods_ToDoList.framework in Frameworks */ = {isa = PBXBuildFile; fileRef = D0DF5CCA26180F3FB464A0D1 /* Pods_ToDoList.framework */; };
		C00A703E258BE0090029A061 /* CategoryTableViewController.swift in Sources */ = {isa = PBXBuildFile; fileRef = C00A703D258BE0090029A061 /* CategoryTableViewController.swift */; };
		C0330A77258A6E6600DB3113 /* AppDelegate.swift in Sources */ = {isa = PBXBuildFile; fileRef = C0330A76258A6E6600DB3113 /* AppDelegate.swift */; };
		C0330A79258A6E6600DB3113 /* SceneDelegate.swift in Sources */ = {isa = PBXBuildFile; fileRef = C0330A78258A6E6600DB3113 /* SceneDelegate.swift */; };
		C0330A7B258A6E6600DB3113 /* ToDoListViewController.swift in Sources */ = {isa = PBXBuildFile; fileRef = C0330A7A258A6E6600DB3113 /* ToDoListViewController.swift */; };
		C0330A7E258A6E6600DB3113 /* Main.storyboard in Resources */ = {isa = PBXBuildFile; fileRef = C0330A7C258A6E6600DB3113 /* Main.storyboard */; };
		C0330A81258A6E6600DB3113 /* ToDoList.xcdatamodeld in Sources */ = {isa = PBXBuildFile; fileRef = C0330A7F258A6E6600DB3113 /* ToDoList.xcdatamodeld */; };
		C0330A83258A6E6700DB3113 /* Assets.xcassets in Resources */ = {isa = PBXBuildFile; fileRef = C0330A82258A6E6700DB3113 /* Assets.xcassets */; };
		C0330A86258A6E6700DB3113 /* LaunchScreen.storyboard in Resources */ = {isa = PBXBuildFile; fileRef = C0330A84258A6E6700DB3113 /* LaunchScreen.storyboard */; };
		C0330A91258A6E6800DB3113 /* ToDoListTests.swift in Sources */ = {isa = PBXBuildFile; fileRef = C0330A90258A6E6800DB3113 /* ToDoListTests.swift */; };
		C0330A9C258A6E6800DB3113 /* ToDoListUITests.swift in Sources */ = {isa = PBXBuildFile; fileRef = C0330A9B258A6E6800DB3113 /* ToDoListUITests.swift */; };
		DB3930310DF3E22B9B78B472 /* Pods_ToDoList_ToDoListUITests.framework in Frameworks */ = {isa = PBXBuildFile; fileRef = D355838DAF21D52439F48D91 /* Pods_ToDoList_ToDoListUITests.framework */; };
/* End PBXBuildFile section */

/* Begin PBXContainerItemProxy section */
		C0330A8D258A6E6800DB3113 /* PBXContainerItemProxy */ = {
			isa = PBXContainerItemProxy;
			containerPortal = C0330A6B258A6E6600DB3113 /* Project object */;
			proxyType = 1;
			remoteGlobalIDString = C0330A72258A6E6600DB3113;
			remoteInfo = ToDoList;
		};
		C0330A98258A6E6800DB3113 /* PBXContainerItemProxy */ = {
			isa = PBXContainerItemProxy;
			containerPortal = C0330A6B258A6E6600DB3113 /* Project object */;
			proxyType = 1;
			remoteGlobalIDString = C0330A72258A6E6600DB3113;
			remoteInfo = ToDoList;
		};
/* End PBXContainerItemProxy section */

/* Begin PBXFileReference section */
		217A675D284F8CC2B6E24BDF /* Pods-ToDoListTests.debug.xcconfig */ = {isa = PBXFileReference; includeInIndex = 1; lastKnownFileType = text.xcconfig; name = "Pods-ToDoListTests.debug.xcconfig"; path = "Target Support Files/Pods-ToDoListTests/Pods-ToDoListTests.debug.xcconfig"; sourceTree = "<group>"; };
		334C7A8A99AFD6512F57E748 /* Pods-ToDoListTests.release.xcconfig */ = {isa = PBXFileReference; includeInIndex = 1; lastKnownFileType = text.xcconfig; name = "Pods-ToDoListTests.release.xcconfig"; path = "Target Support Files/Pods-ToDoListTests/Pods-ToDoListTests.release.xcconfig"; sourceTree = "<group>"; };
		34A9AA90A89DC10C24E7FCFA /* Pods_ToDoListTests.framework */ = {isa = PBXFileReference; explicitFileType = wrapper.framework; includeInIndex = 0; path = Pods_ToDoListTests.framework; sourceTree = BUILT_PRODUCTS_DIR; };
		375DEFD0C3D94F0E90DAC34B /* Pods-ToDoList-ToDoListUITests.release.xcconfig */ = {isa = PBXFileReference; includeInIndex = 1; lastKnownFileType = text.xcconfig; name = "Pods-ToDoList-ToDoListUITests.release.xcconfig"; path = "Target Support Files/Pods-ToDoList-ToDoListUITests/Pods-ToDoList-ToDoListUITests.release.xcconfig"; sourceTree = "<group>"; };
		5BE512171144923CC2699B47 /* Pods-ToDoList.debug.xcconfig */ = {isa = PBXFileReference; includeInIndex = 1; lastKnownFileType = text.xcconfig; name = "Pods-ToDoList.debug.xcconfig"; path = "Target Support Files/Pods-ToDoList/Pods-ToDoList.debug.xcconfig"; sourceTree = "<group>"; };
		AA07A8200EE14A362B1109E6 /* Pods-ToDoList.release.xcconfig */ = {isa = PBXFileReference; includeInIndex = 1; lastKnownFileType = text.xcconfig; name = "Pods-ToDoList.release.xcconfig"; path = "Target Support Files/Pods-ToDoList/Pods-ToDoList.release.xcconfig"; sourceTree = "<group>"; };
		B9EA466D3C0FE8F4AABA80B7 /* Pods-ToDoList-ToDoListUITests.debug.xcconfig */ = {isa = PBXFileReference; includeInIndex = 1; lastKnownFileType = text.xcconfig; name = "Pods-ToDoList-ToDoListUITests.debug.xcconfig"; path = "Target Support Files/Pods-ToDoList-ToDoListUITests/Pods-ToDoList-ToDoListUITests.debug.xcconfig"; sourceTree = "<group>"; };
		C00A703D258BE0090029A061 /* CategoryTableViewController.swift */ = {isa = PBXFileReference; lastKnownFileType = sourcecode.swift; path = CategoryTableViewController.swift; sourceTree = "<group>"; };
		C0330A73258A6E6600DB3113 /* ToDoList.app */ = {isa = PBXFileReference; explicitFileType = wrapper.application; includeInIndex = 0; path = ToDoList.app; sourceTree = BUILT_PRODUCTS_DIR; };
		C0330A76258A6E6600DB3113 /* AppDelegate.swift */ = {isa = PBXFileReference; lastKnownFileType = sourcecode.swift; path = AppDelegate.swift; sourceTree = "<group>"; };
		C0330A78258A6E6600DB3113 /* SceneDelegate.swift */ = {isa = PBXFileReference; lastKnownFileType = sourcecode.swift; path = SceneDelegate.swift; sourceTree = "<group>"; };
		C0330A7A258A6E6600DB3113 /* ToDoListViewController.swift */ = {isa = PBXFileReference; lastKnownFileType = sourcecode.swift; path = ToDoListViewController.swift; sourceTree = "<group>"; };
		C0330A7D258A6E6600DB3113 /* Base */ = {isa = PBXFileReference; lastKnownFileType = file.storyboard; name = Base; path = Base.lproj/Main.storyboard; sourceTree = "<group>"; };
		C0330A80258A6E6600DB3113 /* ToDoList.xcdatamodel */ = {isa = PBXFileReference; lastKnownFileType = wrapper.xcdatamodel; path = ToDoList.xcdatamodel; sourceTree = "<group>"; };
		C0330A82258A6E6700DB3113 /* Assets.xcassets */ = {isa = PBXFileReference; lastKnownFileType = folder.assetcatalog; path = Assets.xcassets; sourceTree = "<group>"; };
		C0330A85258A6E6700DB3113 /* Base */ = {isa = PBXFileReference; lastKnownFileType = file.storyboard; name = Base; path = Base.lproj/LaunchScreen.storyboard; sourceTree = "<group>"; };
		C0330A87258A6E6700DB3113 /* Info.plist */ = {isa = PBXFileReference; lastKnownFileType = text.plist.xml; path = Info.plist; sourceTree = "<group>"; };
		C0330A8C258A6E6800DB3113 /* ToDoListTests.xctest */ = {isa = PBXFileReference; explicitFileType = wrapper.cfbundle; includeInIndex = 0; path = ToDoListTests.xctest; sourceTree = BUILT_PRODUCTS_DIR; };
		C0330A90258A6E6800DB3113 /* ToDoListTests.swift */ = {isa = PBXFileReference; lastKnownFileType = sourcecode.swift; path = ToDoListTests.swift; sourceTree = "<group>"; };
		C0330A92258A6E6800DB3113 /* Info.plist */ = {isa = PBXFileReference; lastKnownFileType = text.plist.xml; path = Info.plist; sourceTree = "<group>"; };
		C0330A97258A6E6800DB3113 /* ToDoListUITests.xctest */ = {isa = PBXFileReference; explicitFileType = wrapper.cfbundle; includeInIndex = 0; path = ToDoListUITests.xctest; sourceTree = BUILT_PRODUCTS_DIR; };
		C0330A9B258A6E6800DB3113 /* ToDoListUITests.swift */ = {isa = PBXFileReference; lastKnownFileType = sourcecode.swift; path = ToDoListUITests.swift; sourceTree = "<group>"; };
		C0330A9D258A6E6800DB3113 /* Info.plist */ = {isa = PBXFileReference; lastKnownFileType = text.plist.xml; path = Info.plist; sourceTree = "<group>"; };
		D0DF5CCA26180F3FB464A0D1 /* Pods_ToDoList.framework */ = {isa = PBXFileReference; explicitFileType = wrapper.framework; includeInIndex = 0; path = Pods_ToDoList.framework; sourceTree = BUILT_PRODUCTS_DIR; };
		D355838DAF21D52439F48D91 /* Pods_ToDoList_ToDoListUITests.framework */ = {isa = PBXFileReference; explicitFileType = wrapper.framework; includeInIndex = 0; path = Pods_ToDoList_ToDoListUITests.framework; sourceTree = BUILT_PRODUCTS_DIR; };
/* End PBXFileReference section */

/* Begin PBXFrameworksBuildPhase section */
		C0330A70258A6E6600DB3113 /* Frameworks */ = {
			isa = PBXFrameworksBuildPhase;
			buildActionMask = 2147483647;
			files = (
				AB94FFAB7BC11B1F155F29F6 /* Pods_ToDoList.framework in Frameworks */,
			);
			runOnlyForDeploymentPostprocessing = 0;
		};
		C0330A89258A6E6800DB3113 /* Frameworks */ = {
			isa = PBXFrameworksBuildPhase;
			buildActionMask = 2147483647;
			files = (
				720D63EBEEF7FDFA99238F56 /* Pods_ToDoListTests.framework in Frameworks */,
			);
			runOnlyForDeploymentPostprocessing = 0;
		};
		C0330A94258A6E6800DB3113 /* Frameworks */ = {
			isa = PBXFrameworksBuildPhase;
			buildActionMask = 2147483647;
			files = (
				DB3930310DF3E22B9B78B472 /* Pods_ToDoList_ToDoListUITests.framework in Frameworks */,
			);
			runOnlyForDeploymentPostprocessing = 0;
		};
/* End PBXFrameworksBuildPhase section */

/* Begin PBXGroup section */
		8C21431E325CF4864FBB8B9B /* Pods */ = {
			isa = PBXGroup;
			children = (
				5BE512171144923CC2699B47 /* Pods-ToDoList.debug.xcconfig */,
				AA07A8200EE14A362B1109E6 /* Pods-ToDoList.release.xcconfig */,
				B9EA466D3C0FE8F4AABA80B7 /* Pods-ToDoList-ToDoListUITests.debug.xcconfig */,
				375DEFD0C3D94F0E90DAC34B /* Pods-ToDoList-ToDoListUITests.release.xcconfig */,
				217A675D284F8CC2B6E24BDF /* Pods-ToDoListTests.debug.xcconfig */,
				334C7A8A99AFD6512F57E748 /* Pods-ToDoListTests.release.xcconfig */,
			);
			name = Pods;
			path = Pods;
			sourceTree = "<group>";
		};
		C0330A6A258A6E6600DB3113 = {
			isa = PBXGroup;
			children = (
				C0330A75258A6E6600DB3113 /* ToDoList */,
				C0330A8F258A6E6800DB3113 /* ToDoListTests */,
				C0330A9A258A6E6800DB3113 /* ToDoListUITests */,
				C0330A74258A6E6600DB3113 /* Products */,
				8C21431E325CF4864FBB8B9B /* Pods */,
				C886617C62C57806E350B88A /* Frameworks */,
			);
			sourceTree = "<group>";
		};
		C0330A74258A6E6600DB3113 /* Products */ = {
			isa = PBXGroup;
			children = (
				C0330A73258A6E6600DB3113 /* ToDoList.app */,
				C0330A8C258A6E6800DB3113 /* ToDoListTests.xctest */,
				C0330A97258A6E6800DB3113 /* ToDoListUITests.xctest */,
			);
			name = Products;
			sourceTree = "<group>";
		};
		C0330A75258A6E6600DB3113 /* ToDoList */ = {
			isa = PBXGroup;
			children = (
				C0330A76258A6E6600DB3113 /* AppDelegate.swift */,
				C0330A78258A6E6600DB3113 /* SceneDelegate.swift */,
				C00A703D258BE0090029A061 /* CategoryTableViewController.swift */,
				C0330A7A258A6E6600DB3113 /* ToDoListViewController.swift */,
				C0330A7C258A6E6600DB3113 /* Main.storyboard */,
				C0330A82258A6E6700DB3113 /* Assets.xcassets */,
				C0330A84258A6E6700DB3113 /* LaunchScreen.storyboard */,
				C0330A87258A6E6700DB3113 /* Info.plist */,
				C0330A7F258A6E6600DB3113 /* ToDoList.xcdatamodeld */,
			);
			path = ToDoList;
			sourceTree = "<group>";
		};
		C0330A8F258A6E6800DB3113 /* ToDoListTests */ = {
			isa = PBXGroup;
			children = (
				C0330A90258A6E6800DB3113 /* ToDoListTests.swift */,
				C0330A92258A6E6800DB3113 /* Info.plist */,
			);
			path = ToDoListTests;
			sourceTree = "<group>";
		};
		C0330A9A258A6E6800DB3113 /* ToDoListUITests */ = {
			isa = PBXGroup;
			children = (
				C0330A9B258A6E6800DB3113 /* ToDoListUITests.swift */,
				C0330A9D258A6E6800DB3113 /* Info.plist */,
			);
			path = ToDoListUITests;
			sourceTree = "<group>";
		};
		C886617C62C57806E350B88A /* Frameworks */ = {
			isa = PBXGroup;
			children = (
				D0DF5CCA26180F3FB464A0D1 /* Pods_ToDoList.framework */,
				D355838DAF21D52439F48D91 /* Pods_ToDoList_ToDoListUITests.framework */,
				34A9AA90A89DC10C24E7FCFA /* Pods_ToDoListTests.framework */,
			);
			name = Frameworks;
			sourceTree = "<group>";
		};
/* End PBXGroup section */

/* Begin PBXNativeTarget section */
		C0330A72258A6E6600DB3113 /* ToDoList */ = {
			isa = PBXNativeTarget;
			buildConfigurationList = C0330AA0258A6E6800DB3113 /* Build configuration list for PBXNativeTarget "ToDoList" */;
			buildPhases = (
				00290A7AFBC7DBF98530948A /* [CP] Check Pods Manifest.lock */,
				C0330A6F258A6E6600DB3113 /* Sources */,
				C0330A70258A6E6600DB3113 /* Frameworks */,
				C0330A71258A6E6600DB3113 /* Resources */,
				9D89C18B4997959F523BBBD5 /* [CP] Embed Pods Frameworks */,
			);
			buildRules = (
			);
			dependencies = (
			);
			name = ToDoList;
			productName = ToDoList;
			productReference = C0330A73258A6E6600DB3113 /* ToDoList.app */;
			productType = "com.apple.product-type.application";
		};
		C0330A8B258A6E6800DB3113 /* ToDoListTests */ = {
			isa = PBXNativeTarget;
			buildConfigurationList = C0330AA3258A6E6800DB3113 /* Build configuration list for PBXNativeTarget "ToDoListTests" */;
			buildPhases = (
				6C2619964E755B581DE50B1E /* [CP] Check Pods Manifest.lock */,
				C0330A88258A6E6800DB3113 /* Sources */,
				C0330A89258A6E6800DB3113 /* Frameworks */,
				C0330A8A258A6E6800DB3113 /* Resources */,
			);
			buildRules = (
			);
			dependencies = (
				C0330A8E258A6E6800DB3113 /* PBXTargetDependency */,
			);
			name = ToDoListTests;
			productName = ToDoListTests;
			productReference = C0330A8C258A6E6800DB3113 /* ToDoListTests.xctest */;
			productType = "com.apple.product-type.bundle.unit-test";
		};
		C0330A96258A6E6800DB3113 /* ToDoListUITests */ = {
			isa = PBXNativeTarget;
			buildConfigurationList = C0330AA6258A6E6800DB3113 /* Build configuration list for PBXNativeTarget "ToDoListUITests" */;
			buildPhases = (
				2F47112BCFA9290F4728C910 /* [CP] Check Pods Manifest.lock */,
				C0330A93258A6E6800DB3113 /* Sources */,
				C0330A94258A6E6800DB3113 /* Frameworks */,
				C0330A95258A6E6800DB3113 /* Resources */,
				214499D6A9084BB8EF540B72 /* [CP] Embed Pods Frameworks */,
			);
			buildRules = (
			);
			dependencies = (
				C0330A99258A6E6800DB3113 /* PBXTargetDependency */,
			);
			name = ToDoListUITests;
			productName = ToDoListUITests;
			productReference = C0330A97258A6E6800DB3113 /* ToDoListUITests.xctest */;
			productType = "com.apple.product-type.bundle.ui-testing";
		};
/* End PBXNativeTarget section */

/* Begin PBXProject section */
		C0330A6B258A6E6600DB3113 /* Project object */ = {
			isa = PBXProject;
			attributes = {
				LastSwiftUpdateCheck = 1220;
				LastUpgradeCheck = 1220;
				TargetAttributes = {
					C0330A72258A6E6600DB3113 = {
						CreatedOnToolsVersion = 12.2;
					};
					C0330A8B258A6E6800DB3113 = {
						CreatedOnToolsVersion = 12.2;
						TestTargetID = C0330A72258A6E6600DB3113;
					};
					C0330A96258A6E6800DB3113 = {
						CreatedOnToolsVersion = 12.2;
						TestTargetID = C0330A72258A6E6600DB3113;
					};
				};
			};
			buildConfigurationList = C0330A6E258A6E6600DB3113 /* Build configuration list for PBXProject "ToDoList" */;
			compatibilityVersion = "Xcode 9.3";
			developmentRegion = en;
			hasScannedForEncodings = 0;
			knownRegions = (
				en,
				Base,
			);
			mainGroup = C0330A6A258A6E6600DB3113;
			productRefGroup = C0330A74258A6E6600DB3113 /* Products */;
			projectDirPath = "";
			projectRoot = "";
			targets = (
				C0330A72258A6E6600DB3113 /* ToDoList */,
				C0330A8B258A6E6800DB3113 /* ToDoListTests */,
				C0330A96258A6E6800DB3113 /* ToDoListUITests */,
			);
		};
/* End PBXProject section */

/* Begin PBXResourcesBuildPhase section */
		C0330A71258A6E6600DB3113 /* Resources */ = {
			isa = PBXResourcesBuildPhase;
			buildActionMask = 2147483647;
			files = (
				C0330A86258A6E6700DB3113 /* LaunchScreen.storyboard in Resources */,
				C0330A83258A6E6700DB3113 /* Assets.xcassets in Resources */,
				C0330A7E258A6E6600DB3113 /* Main.storyboard in Resources */,
			);
			runOnlyForDeploymentPostprocessing = 0;
		};
		C0330A8A258A6E6800DB3113 /* Resources */ = {
			isa = PBXResourcesBuildPhase;
			buildActionMask = 2147483647;
			files = (
			);
			runOnlyForDeploymentPostprocessing = 0;
		};
		C0330A95258A6E6800DB3113 /* Resources */ = {
			isa = PBXResourcesBuildPhase;
			buildActionMask = 2147483647;
			files = (
			);
			runOnlyForDeploymentPostprocessing = 0;
		};
/* End PBXResourcesBuildPhase section */

/* Begin PBXShellScriptBuildPhase section */
		00290A7AFBC7DBF98530948A /* [CP] Check Pods Manifest.lock */ = {
			isa = PBXShellScriptBuildPhase;
			buildActionMask = 2147483647;
			files = (
			);
			inputFileListPaths = (
			);
			inputPaths = (
				"${PODS_PODFILE_DIR_PATH}/Podfile.lock",
				"${PODS_ROOT}/Manifest.lock",
			);
			name = "[CP] Check Pods Manifest.lock";
			outputFileListPaths = (
			);
			outputPaths = (
				"$(DERIVED_FILE_DIR)/Pods-ToDoList-checkManifestLockResult.txt",
			);
			runOnlyForDeploymentPostprocessing = 0;
			shellPath = /bin/sh;
			shellScript = "diff \"${PODS_PODFILE_DIR_PATH}/Podfile.lock\" \"${PODS_ROOT}/Manifest.lock\" > /dev/null\nif [ $? != 0 ] ; then\n    # print error to STDERR\n    echo \"error: The sandbox is not in sync with the Podfile.lock. Run 'pod install' or update your CocoaPods installation.\" >&2\n    exit 1\nfi\n# This output is used by Xcode 'outputs' to avoid re-running this script phase.\necho \"SUCCESS\" > \"${SCRIPT_OUTPUT_FILE_0}\"\n";
			showEnvVarsInLog = 0;
		};
		214499D6A9084BB8EF540B72 /* [CP] Embed Pods Frameworks */ = {
			isa = PBXShellScriptBuildPhase;
			buildActionMask = 2147483647;
			files = (
			);
			inputFileListPaths = (
				"${PODS_ROOT}/Target Support Files/Pods-ToDoList-ToDoListUITests/Pods-ToDoList-ToDoListUITests-frameworks-${CONFIGURATION}-input-files.xcfilelist",
			);
			name = "[CP] Embed Pods Frameworks";
			outputFileListPaths = (
				"${PODS_ROOT}/Target Support Files/Pods-ToDoList-ToDoListUITests/Pods-ToDoList-ToDoListUITests-frameworks-${CONFIGURATION}-output-files.xcfilelist",
			);
			runOnlyForDeploymentPostprocessing = 0;
			shellPath = /bin/sh;
			shellScript = "\"${PODS_ROOT}/Target Support Files/Pods-ToDoList-ToDoListUITests/Pods-ToDoList-ToDoListUITests-frameworks.sh\"\n";
			showEnvVarsInLog = 0;
		};
		2F47112BCFA9290F4728C910 /* [CP] Check Pods Manifest.lock */ = {
			isa = PBXShellScriptBuildPhase;
			buildActionMask = 2147483647;
			files = (
			);
			inputFileListPaths = (
			);
			inputPaths = (
				"${PODS_PODFILE_DIR_PATH}/Podfile.lock",
				"${PODS_ROOT}/Manifest.lock",
			);
			name = "[CP] Check Pods Manifest.lock";
			outputFileListPaths = (
			);
			outputPaths = (
				"$(DERIVED_FILE_DIR)/Pods-ToDoList-ToDoListUITests-checkManifestLockResult.txt",
			);
			runOnlyForDeploymentPostprocessing = 0;
			shellPath = /bin/sh;
			shellScript = "diff \"${PODS_PODFILE_DIR_PATH}/Podfile.lock\" \"${PODS_ROOT}/Manifest.lock\" > /dev/null\nif [ $? != 0 ] ; then\n    # print error to STDERR\n    echo \"error: The sandbox is not in sync with the Podfile.lock. Run 'pod install' or update your CocoaPods installation.\" >&2\n    exit 1\nfi\n# This output is used by Xcode 'outputs' to avoid re-running this script phase.\necho \"SUCCESS\" > \"${SCRIPT_OUTPUT_FILE_0}\"\n";
			showEnvVarsInLog = 0;
		};
		6C2619964E755B581DE50B1E /* [CP] Check Pods Manifest.lock */ = {
			isa = PBXShellScriptBuildPhase;
			buildActionMask = 2147483647;
			files = (
			);
			inputFileListPaths = (
			);
			inputPaths = (
				"${PODS_PODFILE_DIR_PATH}/Podfile.lock",
				"${PODS_ROOT}/Manifest.lock",
			);
			name = "[CP] Check Pods Manifest.lock";
			outputFileListPaths = (
			);
			outputPaths = (
				"$(DERIVED_FILE_DIR)/Pods-ToDoListTests-checkManifestLockResult.txt",
			);
			runOnlyForDeploymentPostprocessing = 0;
			shellPath = /bin/sh;
			shellScript = "diff \"${PODS_PODFILE_DIR_PATH}/Podfile.lock\" \"${PODS_ROOT}/Manifest.lock\" > /dev/null\nif [ $? != 0 ] ; then\n    # print error to STDERR\n    echo \"error: The sandbox is not in sync with the Podfile.lock. Run 'pod install' or update your CocoaPods installation.\" >&2\n    exit 1\nfi\n# This output is used by Xcode 'outputs' to avoid re-running this script phase.\necho \"SUCCESS\" > \"${SCRIPT_OUTPUT_FILE_0}\"\n";
			showEnvVarsInLog = 0;
		};
		9D89C18B4997959F523BBBD5 /* [CP] Embed Pods Frameworks */ = {
			isa = PBXShellScriptBuildPhase;
			buildActionMask = 2147483647;
			files = (
			);
			inputFileListPaths = (
				"${PODS_ROOT}/Target Support Files/Pods-ToDoList/Pods-ToDoList-frameworks-${CONFIGURATION}-input-files.xcfilelist",
			);
			name = "[CP] Embed Pods Frameworks";
			outputFileListPaths = (
				"${PODS_ROOT}/Target Support Files/Pods-ToDoList/Pods-ToDoList-frameworks-${CONFIGURATION}-output-files.xcfilelist",
			);
			runOnlyForDeploymentPostprocessing = 0;
			shellPath = /bin/sh;
			shellScript = "\"${PODS_ROOT}/Target Support Files/Pods-ToDoList/Pods-ToDoList-frameworks.sh\"\n";
			showEnvVarsInLog = 0;
		};
/* End PBXShellScriptBuildPhase section */

/* Begin PBXSourcesBuildPhase section */
		C0330A6F258A6E6600DB3113 /* Sources */ = {
			isa = PBXSourcesBuildPhase;
			buildActionMask = 2147483647;
			files = (
				C0330A7B258A6E6600DB3113 /* ToDoListViewController.swift in Sources */,
				C0330A77258A6E6600DB3113 /* AppDelegate.swift in Sources */,
				C00A703E258BE0090029A061 /* CategoryTableViewController.swift in Sources */,
				C0330A79258A6E6600DB3113 /* SceneDelegate.swift in Sources */,
				C0330A81258A6E6600DB3113 /* ToDoList.xcdatamodeld in Sources */,
			);
			runOnlyForDeploymentPostprocessing = 0;
		};
		C0330A88258A6E6800DB3113 /* Sources */ = {
			isa = PBXSourcesBuildPhase;
			buildActionMask = 2147483647;
			files = (
				C0330A91258A6E6800DB3113 /* ToDoListTests.swift in Sources */,
			);
			runOnlyForDeploymentPostprocessing = 0;
		};
		C0330A93258A6E6800DB3113 /* Sources */ = {
			isa = PBXSourcesBuildPhase;
			buildActionMask = 2147483647;
			files = (
				C0330A9C258A6E6800DB3113 /* ToDoListUITests.swift in Sources */,
			);
			runOnlyForDeploymentPostprocessing = 0;
		};
/* End PBXSourcesBuildPhase section */

/* Begin PBXTargetDependency section */
		C0330A8E258A6E6800DB3113 /* PBXTargetDependency */ = {
			isa = PBXTargetDependency;
			target = C0330A72258A6E6600DB3113 /* ToDoList */;
			targetProxy = C0330A8D258A6E6800DB3113 /* PBXContainerItemProxy */;
		};
		C0330A99258A6E6800DB3113 /* PBXTargetDependency */ = {
			isa = PBXTargetDependency;
			target = C0330A72258A6E6600DB3113 /* ToDoList */;
			targetProxy = C0330A98258A6E6800DB3113 /* PBXContainerItemProxy */;
		};
/* End PBXTargetDependency section */

/* Begin PBXVariantGroup section */
		C0330A7C258A6E6600DB3113 /* Main.storyboard */ = {
			isa = PBXVariantGroup;
			children = (
				C0330A7D258A6E6600DB3113 /* Base */,
			);
			name = Main.storyboard;
			sourceTree = "<group>";
		};
		C0330A84258A6E6700DB3113 /* LaunchScreen.storyboard */ = {
			isa = PBXVariantGroup;
			children = (
				C0330A85258A6E6700DB3113 /* Base */,
			);
			name = LaunchScreen.storyboard;
			sourceTree = "<group>";
		};
/* End PBXVariantGroup section */

/* Begin XCBuildConfiguration section */
		C0330A9E258A6E6800DB3113 /* Debug */ = {
			isa = XCBuildConfiguration;
			buildSettings = {
				ALWAYS_SEARCH_USER_PATHS = NO;
				CLANG_ANALYZER_NONNULL = YES;
				CLANG_ANALYZER_NUMBER_OBJECT_CONVERSION = YES_AGGRESSIVE;
				CLANG_CXX_LANGUAGE_STANDARD = "gnu++14";
				CLANG_CXX_LIBRARY = "libc++";
				CLANG_ENABLE_MODULES = YES;
				CLANG_ENABLE_OBJC_ARC = YES;
				CLANG_ENABLE_OBJC_WEAK = YES;
				CLANG_WARN_BLOCK_CAPTURE_AUTORELEASING = YES;
				CLANG_WARN_BOOL_CONVERSION = YES;
				CLANG_WARN_COMMA = YES;
				CLANG_WARN_CONSTANT_CONVERSION = YES;
				CLANG_WARN_DEPRECATED_OBJC_IMPLEMENTATIONS = YES;
				CLANG_WARN_DIRECT_OBJC_ISA_USAGE = YES_ERROR;
				CLANG_WARN_DOCUMENTATION_COMMENTS = YES;
				CLANG_WARN_EMPTY_BODY = YES;
				CLANG_WARN_ENUM_CONVERSION = YES;
				CLANG_WARN_INFINITE_RECURSION = YES;
				CLANG_WARN_INT_CONVERSION = YES;
				CLANG_WARN_NON_LITERAL_NULL_CONVERSION = YES;
				CLANG_WARN_OBJC_IMPLICIT_RETAIN_SELF = YES;
				CLANG_WARN_OBJC_LITERAL_CONVERSION = YES;
				CLANG_WARN_OBJC_ROOT_CLASS = YES_ERROR;
				CLANG_WARN_QUOTED_INCLUDE_IN_FRAMEWORK_HEADER = YES;
				CLANG_WARN_RANGE_LOOP_ANALYSIS = YES;
				CLANG_WARN_STRICT_PROTOTYPES = YES;
				CLANG_WARN_SUSPICIOUS_MOVE = YES;
				CLANG_WARN_UNGUARDED_AVAILABILITY = YES_AGGRESSIVE;
				CLANG_WARN_UNREACHABLE_CODE = YES;
				CLANG_WARN__DUPLICATE_METHOD_MATCH = YES;
				COPY_PHASE_STRIP = NO;
				DEBUG_INFORMATION_FORMAT = dwarf;
				ENABLE_STRICT_OBJC_MSGSEND = YES;
				ENABLE_TESTABILITY = YES;
				GCC_C_LANGUAGE_STANDARD = gnu11;
				GCC_DYNAMIC_NO_PIC = NO;
				GCC_NO_COMMON_BLOCKS = YES;
				GCC_OPTIMIZATION_LEVEL = 0;
				GCC_PREPROCESSOR_DEFINITIONS = (
					"DEBUG=1",
					"$(inherited)",
				);
				GCC_WARN_64_TO_32_BIT_CONVERSION = YES;
				GCC_WARN_ABOUT_RETURN_TYPE = YES_ERROR;
				GCC_WARN_UNDECLARED_SELECTOR = YES;
				GCC_WARN_UNINITIALIZED_AUTOS = YES_AGGRESSIVE;
				GCC_WARN_UNUSED_FUNCTION = YES;
				GCC_WARN_UNUSED_VARIABLE = YES;
				IPHONEOS_DEPLOYMENT_TARGET = 14.2;
				MTL_ENABLE_DEBUG_INFO = INCLUDE_SOURCE;
				MTL_FAST_MATH = YES;
				ONLY_ACTIVE_ARCH = YES;
				SDKROOT = iphoneos;
				SWIFT_ACTIVE_COMPILATION_CONDITIONS = DEBUG;
				SWIFT_OPTIMIZATION_LEVEL = "-Onone";
			};
			name = Debug;
		};
		C0330A9F258A6E6800DB3113 /* Release */ = {
			isa = XCBuildConfiguration;
			buildSettings = {
				ALWAYS_SEARCH_USER_PATHS = NO;
				CLANG_ANALYZER_NONNULL = YES;
				CLANG_ANALYZER_NUMBER_OBJECT_CONVERSION = YES_AGGRESSIVE;
				CLANG_CXX_LANGUAGE_STANDARD = "gnu++14";
				CLANG_CXX_LIBRARY = "libc++";
				CLANG_ENABLE_MODULES = YES;
				CLANG_ENABLE_OBJC_ARC = YES;
				CLANG_ENABLE_OBJC_WEAK = YES;
				CLANG_WARN_BLOCK_CAPTURE_AUTORELEASING = YES;
				CLANG_WARN_BOOL_CONVERSION = YES;
				CLANG_WARN_COMMA = YES;
				CLANG_WARN_CONSTANT_CONVERSION = YES;
				CLANG_WARN_DEPRECATED_OBJC_IMPLEMENTATIONS = YES;
				CLANG_WARN_DIRECT_OBJC_ISA_USAGE = YES_ERROR;
				CLANG_WARN_DOCUMENTATION_COMMENTS = YES;
				CLANG_WARN_EMPTY_BODY = YES;
				CLANG_WARN_ENUM_CONVERSION = YES;
				CLANG_WARN_INFINITE_RECURSION = YES;
				CLANG_WARN_INT_CONVERSION = YES;
				CLANG_WARN_NON_LITERAL_NULL_CONVERSION = YES;
				CLANG_WARN_OBJC_IMPLICIT_RETAIN_SELF = YES;
				CLANG_WARN_OBJC_LITERAL_CONVERSION = YES;
				CLANG_WARN_OBJC_ROOT_CLASS = YES_ERROR;
				CLANG_WARN_QUOTED_INCLUDE_IN_FRAMEWORK_HEADER = YES;
				CLANG_WARN_RANGE_LOOP_ANALYSIS = YES;
				CLANG_WARN_STRICT_PROTOTYPES = YES;
				CLANG_WARN_SUSPICIOUS_MOVE = YES;
				CLANG_WARN_UNGUARDED_AVAILABILITY = YES_AGGRESSIVE;
				CLANG_WARN_UNREACHABLE_CODE = YES;
				CLANG_WARN__DUPLICATE_METHOD_MATCH = YES;
				COPY_PHASE_STRIP = NO;
				DEBUG_INFORMATION_FORMAT = "dwarf-with-dsym";
				ENABLE_NS_ASSERTIONS = NO;
				ENABLE_STRICT_OBJC_MSGSEND = YES;
				GCC_C_LANGUAGE_STANDARD = gnu11;
				GCC_NO_COMMON_BLOCKS = YES;
				GCC_WARN_64_TO_32_BIT_CONVERSION = YES;
				GCC_WARN_ABOUT_RETURN_TYPE = YES_ERROR;
				GCC_WARN_UNDECLARED_SELECTOR = YES;
				GCC_WARN_UNINITIALIZED_AUTOS = YES_AGGRESSIVE;
				GCC_WARN_UNUSED_FUNCTION = YES;
				GCC_WARN_UNUSED_VARIABLE = YES;
				IPHONEOS_DEPLOYMENT_TARGET = 14.2;
				MTL_ENABLE_DEBUG_INFO = NO;
				MTL_FAST_MATH = YES;
				SDKROOT = iphoneos;
				SWIFT_COMPILATION_MODE = wholemodule;
				SWIFT_OPTIMIZATION_LEVEL = "-O";
				VALIDATE_PRODUCT = YES;
			};
			name = Release;
		};
		C0330AA1258A6E6800DB3113 /* Debug */ = {
			isa = XCBuildConfiguration;
			baseConfigurationReference = 5BE512171144923CC2699B47 /* Pods-ToDoList.debug.xcconfig */;
			buildSettings = {
				ASSETCATALOG_COMPILER_APPICON_NAME = AppIcon;
				ASSETCATALOG_COMPILER_GLOBAL_ACCENT_COLOR_NAME = AccentColor;
				CODE_SIGN_STYLE = Automatic;
				DEVELOPMENT_TEAM = WRC4QXXN5V;
				INFOPLIST_FILE = ToDoList/Info.plist;
				LD_RUNPATH_SEARCH_PATHS = (
					"$(inherited)",
					"@executable_path/Frameworks",
				);
				PRODUCT_BUNDLE_IDENTIFIER = Marie.Kallop.ToDoList;
				PRODUCT_NAME = "$(TARGET_NAME)";
				SWIFT_VERSION = 5.0;
				TARGETED_DEVICE_FAMILY = "1,2";
			};
			name = Debug;
		};
		C0330AA2258A6E6800DB3113 /* Release */ = {
			isa = XCBuildConfiguration;
			baseConfigurationReference = AA07A8200EE14A362B1109E6 /* Pods-ToDoList.release.xcconfig */;
			buildSettings = {
				ASSETCATALOG_COMPILER_APPICON_NAME = AppIcon;
				ASSETCATALOG_COMPILER_GLOBAL_ACCENT_COLOR_NAME = AccentColor;
				CODE_SIGN_STYLE = Automatic;
				DEVELOPMENT_TEAM = WRC4QXXN5V;
				INFOPLIST_FILE = ToDoList/Info.plist;
				LD_RUNPATH_SEARCH_PATHS = (
					"$(inherited)",
					"@executable_path/Frameworks",
				);
				PRODUCT_BUNDLE_IDENTIFIER = Marie.Kallop.ToDoList;
				PRODUCT_NAME = "$(TARGET_NAME)";
				SWIFT_VERSION = 5.0;
				TARGETED_DEVICE_FAMILY = "1,2";
			};
			name = Release;
		};
		C0330AA4258A6E6800DB3113 /* Debug */ = {
			isa = XCBuildConfiguration;
			baseConfigurationReference = 217A675D284F8CC2B6E24BDF /* Pods-ToDoListTests.debug.xcconfig */;
			buildSettings = {
				ALWAYS_EMBED_SWIFT_STANDARD_LIBRARIES = YES;
				BUNDLE_LOADER = "$(TEST_HOST)";
				CODE_SIGN_STYLE = Automatic;
				DEVELOPMENT_TEAM = WRC4QXXN5V;
				INFOPLIST_FILE = ToDoListTests/Info.plist;
				IPHONEOS_DEPLOYMENT_TARGET = 14.2;
				LD_RUNPATH_SEARCH_PATHS = (
					"$(inherited)",
					"@executable_path/Frameworks",
					"@loader_path/Frameworks",
				);
				PRODUCT_BUNDLE_IDENTIFIER = Marie.Kallop.ToDoListTests;
				PRODUCT_NAME = "$(TARGET_NAME)";
				SWIFT_VERSION = 5.0;
				TARGETED_DEVICE_FAMILY = "1,2";
				TEST_HOST = "$(BUILT_PRODUCTS_DIR)/ToDoList.app/ToDoList";
			};
			name = Debug;
		};
		C0330AA5258A6E6800DB3113 /* Release */ = {
			isa = XCBuildConfiguration;
			baseConfigurationReference = 334C7A8A99AFD6512F57E748 /* Pods-ToDoListTests.release.xcconfig */;
			buildSettings = {
				ALWAYS_EMBED_SWIFT_STANDARD_LIBRARIES = YES;
				BUNDLE_LOADER = "$(TEST_HOST)";
				CODE_SIGN_STYLE = Automatic;
				DEVELOPMENT_TEAM = WRC4QXXN5V;
				INFOPLIST_FILE = ToDoListTests/Info.plist;
				IPHONEOS_DEPLOYMENT_TARGET = 14.2;
				LD_RUNPATH_SEARCH_PATHS = (
					"$(inherited)",
					"@executable_path/Frameworks",
					"@loader_path/Frameworks",
				);
				PRODUCT_BUNDLE_IDENTIFIER = Marie.Kallop.ToDoListTests;
				PRODUCT_NAME = "$(TARGET_NAME)";
				SWIFT_VERSION = 5.0;
				TARGETED_DEVICE_FAMILY = "1,2";
				TEST_HOST = "$(BUILT_PRODUCTS_DIR)/ToDoList.app/ToDoList";
			};
			name = Release;
		};
		C0330AA7258A6E6800DB3113 /* Debug */ = {
			isa = XCBuildConfiguration;
			baseConfigurationReference = B9EA466D3C0FE8F4AABA80B7 /* Pods-ToDoList-ToDoListUITests.debug.xcconfig */;
			buildSettings = {
				ALWAYS_EMBED_SWIFT_STANDARD_LIBRARIES = YES;
				CODE_SIGN_STYLE = Automatic;
				DEVELOPMENT_TEAM = WRC4QXXN5V;
				INFOPLIST_FILE = ToDoListUITests/Info.plist;
				LD_RUNPATH_SEARCH_PATHS = (
					"$(inherited)",
					"@executable_path/Frameworks",
					"@loader_path/Frameworks",
				);
				PRODUCT_BUNDLE_IDENTIFIER = Marie.Kallop.ToDoListUITests;
				PRODUCT_NAME = "$(TARGET_NAME)";
				SWIFT_VERSION = 5.0;
				TARGETED_DEVICE_FAMILY = "1,2";
				TEST_TARGET_NAME = ToDoList;
			};
			name = Debug;
		};
		C0330AA8258A6E6800DB3113 /* Release */ = {
			isa = XCBuildConfiguration;
			baseConfigurationReference = 375DEFD0C3D94F0E90DAC34B /* Pods-ToDoList-ToDoListUITests.release.xcconfig */;
			buildSettings = {
				ALWAYS_EMBED_SWIFT_STANDARD_LIBRARIES = YES;
				CODE_SIGN_STYLE = Automatic;
				DEVELOPMENT_TEAM = WRC4QXXN5V;
				INFOPLIST_FILE = ToDoListUITests/Info.plist;
				LD_RUNPATH_SEARCH_PATHS = (
					"$(inherited)",
					"@executable_path/Frameworks",
					"@loader_path/Frameworks",
				);
				PRODUCT_BUNDLE_IDENTIFIER = Marie.Kallop.ToDoListUITests;
				PRODUCT_NAME = "$(TARGET_NAME)";
				SWIFT_VERSION = 5.0;
				TARGETED_DEVICE_FAMILY = "1,2";
				TEST_TARGET_NAME = ToDoList;
			};
			name = Release;
		};
/* End XCBuildConfiguration section */

/* Begin XCConfigurationList section */
		C0330A6E258A6E6600DB3113 /* Build configuration list for PBXProject "ToDoList" */ = {
			isa = XCConfigurationList;
			buildConfigurations = (
				C0330A9E258A6E6800DB3113 /* Debug */,
				C0330A9F258A6E6800DB3113 /* Release */,
			);
			defaultConfigurationIsVisible = 0;
			defaultConfigurationName = Release;
		};
		C0330AA0258A6E6800DB3113 /* Build configuration list for PBXNativeTarget "ToDoList" */ = {
			isa = XCConfigurationList;
			buildConfigurations = (
				C0330AA1258A6E6800DB3113 /* Debug */,
				C0330AA2258A6E6800DB3113 /* Release */,
			);
			defaultConfigurationIsVisible = 0;
			defaultConfigurationName = Release;
		};
		C0330AA3258A6E6800DB3113 /* Build configuration list for PBXNativeTarget "ToDoListTests" */ = {
			isa = XCConfigurationList;
			buildConfigurations = (
				C0330AA4258A6E6800DB3113 /* Debug */,
				C0330AA5258A6E6800DB3113 /* Release */,
			);
			defaultConfigurationIsVisible = 0;
			defaultConfigurationName = Release;
		};
		C0330AA6258A6E6800DB3113 /* Build configuration list for PBXNativeTarget "ToDoListUITests" */ = {
			isa = XCConfigurationList;
			buildConfigurations = (
				C0330AA7258A6E6800DB3113 /* Debug */,
				C0330AA8258A6E6800DB3113 /* Release */,
			);
			defaultConfigurationIsVisible = 0;
			defaultConfigurationName = Release;
		};
/* End XCConfigurationList section */

/* Begin XCVersionGroup section */
		C0330A7F258A6E6600DB3113 /* ToDoList.xcdatamodeld */ = {
			isa = XCVersionGroup;
			children = (
				C0330A80258A6E6600DB3113 /* ToDoList.xcdatamodel */,
			);
			currentVersion = C0330A80258A6E6600DB3113 /* ToDoList.xcdatamodel */;
			path = ToDoList.xcdatamodeld;
			sourceTree = "<group>";
			versionGroupType = wrapper.xcdatamodel;
		};
/* End XCVersionGroup section */
	};
	rootObject = C0330A6B258A6E6600DB3113 /* Project object */;
}
